// !$*UTF8*$!
{
	archiveVersion = 1;
	classes = {
	};
	objectVersion = 46;
	objects = {

/* Begin PBXBuildFile section */
		D26934FE1B95EBE500911EE0 /* BlackViewController.m in Sources */ = {isa = PBXBuildFile; fileRef = D26934FD1B95EBE500911EE0 /* BlackViewController.m */; };
		D26935011B98700500911EE0 /* TechChallengeViewController.m in Sources */ = {isa = PBXBuildFile; fileRef = D26935001B98700500911EE0 /* TechChallengeViewController.m */; };
		D269353A1B9F194D00911EE0 /* HanoiViewController.m in Sources */ = {isa = PBXBuildFile; fileRef = D26935391B9F194D00911EE0 /* HanoiViewController.m */; };
		D26F35801B63BC0400B5E56A /* RedViewController.m in Sources */ = {isa = PBXBuildFile; fileRef = D26F357F1B63BC0400B5E56A /* RedViewController.m */; };
		D26F35831B63BEB100B5E56A /* PurpleViewController.m in Sources */ = {isa = PBXBuildFile; fileRef = D26F35821B63BEB100B5E56A /* PurpleViewController.m */; };
		D26FB26C1B61A26D005A580D /* main.m in Sources */ = {isa = PBXBuildFile; fileRef = D26FB26B1B61A26D005A580D /* main.m */; };
		D26FB26F1B61A26D005A580D /* AppDelegate.m in Sources */ = {isa = PBXBuildFile; fileRef = D26FB26E1B61A26D005A580D /* AppDelegate.m */; };
		D26FB2721B61A26D005A580D /* InitialViewController.m in Sources */ = {isa = PBXBuildFile; fileRef = D26FB2711B61A26D005A580D /* InitialViewController.m */; };
		D26FB2751B61A26D005A580D /* Main.storyboard in Resources */ = {isa = PBXBuildFile; fileRef = D26FB2731B61A26D005A580D /* Main.storyboard */; };
		D26FB2771B61A26D005A580D /* Images.xcassets in Resources */ = {isa = PBXBuildFile; fileRef = D26FB2761B61A26D005A580D /* Images.xcassets */; };
		D26FB27A1B61A26D005A580D /* LaunchScreen.xib in Resources */ = {isa = PBXBuildFile; fileRef = D26FB2781B61A26D005A580D /* LaunchScreen.xib */; };
		D26FB2861B61A26D005A580D /* FizzBuzzTests.m in Sources */ = {isa = PBXBuildFile; fileRef = D26FB2851B61A26D005A580D /* FizzBuzzTests.m */; };
/* End PBXBuildFile section */

/* Begin PBXContainerItemProxy section */
		D26FB2801B61A26D005A580D /* PBXContainerItemProxy */ = {
			isa = PBXContainerItemProxy;
			containerPortal = D26FB25E1B61A26D005A580D /* Project object */;
			proxyType = 1;
			remoteGlobalIDString = D26FB2651B61A26D005A580D;
			remoteInfo = FizzBuzz;
		};
/* End PBXContainerItemProxy section */

/* Begin PBXFileReference section */
		D26934FC1B95EBE500911EE0 /* BlackViewController.h */ = {isa = PBXFileReference; fileEncoding = 4; lastKnownFileType = sourcecode.c.h; path = BlackViewController.h; sourceTree = "<group>"; };
		D26934FD1B95EBE500911EE0 /* BlackViewController.m */ = {isa = PBXFileReference; fileEncoding = 4; lastKnownFileType = sourcecode.c.objc; path = BlackViewController.m; sourceTree = "<group>"; };
		D26934FF1B98700500911EE0 /* TechChallengeViewController.h */ = {isa = PBXFileReference; fileEncoding = 4; lastKnownFileType = sourcecode.c.h; path = TechChallengeViewController.h; sourceTree = "<group>"; };
		D26935001B98700500911EE0 /* TechChallengeViewController.m */ = {isa = PBXFileReference; fileEncoding = 4; lastKnownFileType = sourcecode.c.objc; path = TechChallengeViewController.m; sourceTree = "<group>"; };
		D26935381B9F194D00911EE0 /* HanoiViewController.h */ = {isa = PBXFileReference; fileEncoding = 4; lastKnownFileType = sourcecode.c.h; path = HanoiViewController.h; sourceTree = "<group>"; };
		D26935391B9F194D00911EE0 /* HanoiViewController.m */ = {isa = PBXFileReference; fileEncoding = 4; lastKnownFileType = sourcecode.c.objc; path = HanoiViewController.m; sourceTree = "<group>"; };
		D26F357E1B63BC0400B5E56A /* RedViewController.h */ = {isa = PBXFileReference; fileEncoding = 4; lastKnownFileType = sourcecode.c.h; path = RedViewController.h; sourceTree = "<group>"; };
		D26F357F1B63BC0400B5E56A /* RedViewController.m */ = {isa = PBXFileReference; fileEncoding = 4; lastKnownFileType = sourcecode.c.objc; path = RedViewController.m; sourceTree = "<group>"; };
		D26F35811B63BEB100B5E56A /* PurpleViewController.h */ = {isa = PBXFileReference; fileEncoding = 4; lastKnownFileType = sourcecode.c.h; path = PurpleViewController.h; sourceTree = "<group>"; };
		D26F35821B63BEB100B5E56A /* PurpleViewController.m */ = {isa = PBXFileReference; fileEncoding = 4; lastKnownFileType = sourcecode.c.objc; path = PurpleViewController.m; sourceTree = "<group>"; };
		D26FB2661B61A26D005A580D /* FizzBuzz.app */ = {isa = PBXFileReference; explicitFileType = wrapper.application; includeInIndex = 0; path = FizzBuzz.app; sourceTree = BUILT_PRODUCTS_DIR; };
		D26FB26A1B61A26D005A580D /* Info.plist */ = {isa = PBXFileReference; lastKnownFileType = text.plist.xml; path = Info.plist; sourceTree = "<group>"; };
		D26FB26B1B61A26D005A580D /* main.m */ = {isa = PBXFileReference; lastKnownFileType = sourcecode.c.objc; path = main.m; sourceTree = "<group>"; };
		D26FB26D1B61A26D005A580D /* AppDelegate.h */ = {isa = PBXFileReference; lastKnownFileType = sourcecode.c.h; path = AppDelegate.h; sourceTree = "<group>"; };
		D26FB26E1B61A26D005A580D /* AppDelegate.m */ = {isa = PBXFileReference; lastKnownFileType = sourcecode.c.objc; path = AppDelegate.m; sourceTree = "<group>"; };
		D26FB2701B61A26D005A580D /* InitialViewController.h */ = {isa = PBXFileReference; lastKnownFileType = sourcecode.c.h; path = InitialViewController.h; sourceTree = "<group>"; };
		D26FB2711B61A26D005A580D /* InitialViewController.m */ = {isa = PBXFileReference; lastKnownFileType = sourcecode.c.objc; path = InitialViewController.m; sourceTree = "<group>"; };
		D26FB2741B61A26D005A580D /* Base */ = {isa = PBXFileReference; lastKnownFileType = file.storyboard; name = Base; path = Base.lproj/Main.storyboard; sourceTree = "<group>"; };
		D26FB2761B61A26D005A580D /* Images.xcassets */ = {isa = PBXFileReference; lastKnownFileType = folder.assetcatalog; path = Images.xcassets; sourceTree = "<group>"; };
		D26FB2791B61A26D005A580D /* Base */ = {isa = PBXFileReference; lastKnownFileType = file.xib; name = Base; path = Base.lproj/LaunchScreen.xib; sourceTree = "<group>"; };
		D26FB27F1B61A26D005A580D /* FizzBuzzTests.xctest */ = {isa = PBXFileReference; explicitFileType = wrapper.cfbundle; includeInIndex = 0; path = FizzBuzzTests.xctest; sourceTree = BUILT_PRODUCTS_DIR; };
		D26FB2841B61A26D005A580D /* Info.plist */ = {isa = PBXFileReference; lastKnownFileType = text.plist.xml; path = Info.plist; sourceTree = "<group>"; };
		D26FB2851B61A26D005A580D /* FizzBuzzTests.m */ = {isa = PBXFileReference; lastKnownFileType = sourcecode.c.objc; path = FizzBuzzTests.m; sourceTree = "<group>"; };
/* End PBXFileReference section */

/* Begin PBXFrameworksBuildPhase section */
		D26FB2631B61A26D005A580D /* Frameworks */ = {
			isa = PBXFrameworksBuildPhase;
			buildActionMask = 2147483647;
			files = (
			);
			runOnlyForDeploymentPostprocessing = 0;
		};
		D26FB27C1B61A26D005A580D /* Frameworks */ = {
			isa = PBXFrameworksBuildPhase;
			buildActionMask = 2147483647;
			files = (
			);
			runOnlyForDeploymentPostprocessing = 0;
		};
/* End PBXFrameworksBuildPhase section */

/* Begin PBXGroup section */
		D26FB25D1B61A26D005A580D = {
			isa = PBXGroup;
			children = (
				D26FB2681B61A26D005A580D /* FizzBuzz */,
				D26FB2821B61A26D005A580D /* FizzBuzzTests */,
				D26FB2671B61A26D005A580D /* Products */,
			);
			sourceTree = "<group>";
		};
		D26FB2671B61A26D005A580D /* Products */ = {
			isa = PBXGroup;
			children = (
				D26FB2661B61A26D005A580D /* FizzBuzz.app */,
				D26FB27F1B61A26D005A580D /* FizzBuzzTests.xctest */,
			);
			name = Products;
			sourceTree = "<group>";
		};
		D26FB2681B61A26D005A580D /* FizzBuzz */ = {
			isa = PBXGroup;
			children = (
				D26FB26D1B61A26D005A580D /* AppDelegate.h */,
				D26FB26E1B61A26D005A580D /* AppDelegate.m */,
				D26FB2701B61A26D005A580D /* InitialViewController.h */,
				D26FB2711B61A26D005A580D /* InitialViewController.m */,
				D26FB2731B61A26D005A580D /* Main.storyboard */,
				D26935381B9F194D00911EE0 /* HanoiViewController.h */,
				D26935391B9F194D00911EE0 /* HanoiViewController.m */,
				D26934FF1B98700500911EE0 /* TechChallengeViewController.h */,
				D26935001B98700500911EE0 /* TechChallengeViewController.m */,
				D26934FC1B95EBE500911EE0 /* BlackViewController.h */,
				D26934FD1B95EBE500911EE0 /* BlackViewController.m */,
				D26F35811B63BEB100B5E56A /* PurpleViewController.h */,
				D26F35821B63BEB100B5E56A /* PurpleViewController.m */,
				D26F357E1B63BC0400B5E56A /* RedViewController.h */,
				D26F357F1B63BC0400B5E56A /* RedViewController.m */,
				D26FB2761B61A26D005A580D /* Images.xcassets */,
				D26FB2781B61A26D005A580D /* LaunchScreen.xib */,
				D26FB2691B61A26D005A580D /* Supporting Files */,
			);
			path = FizzBuzz;
			sourceTree = "<group>";
		};
		D26FB2691B61A26D005A580D /* Supporting Files */ = {
			isa = PBXGroup;
			children = (
				D26FB26A1B61A26D005A580D /* Info.plist */,
				D26FB26B1B61A26D005A580D /* main.m */,
			);
			name = "Supporting Files";
			sourceTree = "<group>";
		};
		D26FB2821B61A26D005A580D /* FizzBuzzTests */ = {
			isa = PBXGroup;
			children = (
				D26FB2851B61A26D005A580D /* FizzBuzzTests.m */,
				D26FB2831B61A26D005A580D /* Supporting Files */,
			);
			path = FizzBuzzTests;
			sourceTree = "<group>";
		};
		D26FB2831B61A26D005A580D /* Supporting Files */ = {
			isa = PBXGroup;
			children = (
				D26FB2841B61A26D005A580D /* Info.plist */,
			);
			name = "Supporting Files";
			sourceTree = "<group>";
		};
/* End PBXGroup section */

/* Begin PBXNativeTarget section */
		D26FB2651B61A26D005A580D /* FizzBuzz */ = {
			isa = PBXNativeTarget;
			buildConfigurationList = D26FB2891B61A26D005A580D /* Build configuration list for PBXNativeTarget "FizzBuzz" */;
			buildPhases = (
				D26FB2621B61A26D005A580D /* Sources */,
				D26FB2631B61A26D005A580D /* Frameworks */,
				D26FB2641B61A26D005A580D /* Resources */,
			);
			buildRules = (
			);
			dependencies = (
			);
			name = FizzBuzz;
			productName = FizzBuzz;
			productReference = D26FB2661B61A26D005A580D /* FizzBuzz.app */;
			productType = "com.apple.product-type.application";
		};
		D26FB27E1B61A26D005A580D /* FizzBuzzTests */ = {
			isa = PBXNativeTarget;
			buildConfigurationList = D26FB28C1B61A26D005A580D /* Build configuration list for PBXNativeTarget "FizzBuzzTests" */;
			buildPhases = (
				D26FB27B1B61A26D005A580D /* Sources */,
				D26FB27C1B61A26D005A580D /* Frameworks */,
				D26FB27D1B61A26D005A580D /* Resources */,
			);
			buildRules = (
			);
			dependencies = (
				D26FB2811B61A26D005A580D /* PBXTargetDependency */,
			);
			name = FizzBuzzTests;
			productName = FizzBuzzTests;
			productReference = D26FB27F1B61A26D005A580D /* FizzBuzzTests.xctest */;
			productType = "com.apple.product-type.bundle.unit-test";
		};
/* End PBXNativeTarget section */

/* Begin PBXProject section */
		D26FB25E1B61A26D005A580D /* Project object */ = {
			isa = PBXProject;
			attributes = {
				LastUpgradeCheck = 0640;
				ORGANIZATIONNAME = "jonathan thornburg";
				TargetAttributes = {
					D26FB2651B61A26D005A580D = {
						CreatedOnToolsVersion = 6.4;
					};
					D26FB27E1B61A26D005A580D = {
						CreatedOnToolsVersion = 6.4;
						TestTargetID = D26FB2651B61A26D005A580D;
					};
				};
			};
			buildConfigurationList = D26FB2611B61A26D005A580D /* Build configuration list for PBXProject "FizzBuzz" */;
			compatibilityVersion = "Xcode 3.2";
			developmentRegion = English;
			hasScannedForEncodings = 0;
			knownRegions = (
				en,
				Base,
			);
			mainGroup = D26FB25D1B61A26D005A580D;
			productRefGroup = D26FB2671B61A26D005A580D /* Products */;
			projectDirPath = "";
			projectRoot = "";
			targets = (
				D26FB2651B61A26D005A580D /* FizzBuzz */,
				D26FB27E1B61A26D005A580D /* FizzBuzzTests */,
			);
		};
/* End PBXProject section */

/* Begin PBXResourcesBuildPhase section */
		D26FB2641B61A26D005A580D /* Resources */ = {
			isa = PBXResourcesBuildPhase;
			buildActionMask = 2147483647;
			files = (
				D26FB2751B61A26D005A580D /* Main.storyboard in Resources */,
				D26FB27A1B61A26D005A580D /* LaunchScreen.xib in Resources */,
				D26FB2771B61A26D005A580D /* Images.xcassets in Resources */,
			);
			runOnlyForDeploymentPostprocessing = 0;
		};
		D26FB27D1B61A26D005A580D /* Resources */ = {
			isa = PBXResourcesBuildPhase;
			buildActionMask = 2147483647;
			files = (
			);
			runOnlyForDeploymentPostprocessing = 0;
		};
/* End PBXResourcesBuildPhase section */

/* Begin PBXSourcesBuildPhase section */
		D26FB2621B61A26D005A580D /* Sources */ = {
			isa = PBXSourcesBuildPhase;
			buildActionMask = 2147483647;
			files = (
				D26FB2721B61A26D005A580D /* InitialViewController.m in Sources */,
				D26F35831B63BEB100B5E56A /* PurpleViewController.m in Sources */,
				D26934FE1B95EBE500911EE0 /* BlackViewController.m in Sources */,
				D26FB26F1B61A26D005A580D /* AppDelegate.m in Sources */,
				D26935011B98700500911EE0 /* TechChallengeViewController.m in Sources */,
				D26FB26C1B61A26D005A580D /* main.m in Sources */,
				D269353A1B9F194D00911EE0 /* HanoiViewController.m in Sources */,
				D26F35801B63BC0400B5E56A /* RedViewController.m in Sources */,
			);
			runOnlyForDeploymentPostprocessing = 0;
		};
		D26FB27B1B61A26D005A580D /* Sources */ = {
			isa = PBXSourcesBuildPhase;
			buildActionMask = 2147483647;
			files = (
				D26FB2861B61A26D005A580D /* FizzBuzzTests.m in Sources */,
			);
			runOnlyForDeploymentPostprocessing = 0;
		};
/* End PBXSourcesBuildPhase section */

/* Begin PBXTargetDependency section */
		D26FB2811B61A26D005A580D /* PBXTargetDependency */ = {
			isa = PBXTargetDependency;
			target = D26FB2651B61A26D005A580D /* FizzBuzz */;
			targetProxy = D26FB2801B61A26D005A580D /* PBXContainerItemProxy */;
		};
/* End PBXTargetDependency section */

/* Begin PBXVariantGroup section */
		D26FB2731B61A26D005A580D /* Main.storyboard */ = {
			isa = PBXVariantGroup;
			children = (
				D26FB2741B61A26D005A580D /* Base */,
			);
			name = Main.storyboard;
			sourceTree = "<group>";
		};
		D26FB2781B61A26D005A580D /* LaunchScreen.xib */ = {
			isa = PBXVariantGroup;
			children = (
				D26FB2791B61A26D005A580D /* Base */,
			);
			name = LaunchScreen.xib;
			sourceTree = "<group>";
		};
/* End PBXVariantGroup section */

/* Begin XCBuildConfiguration section */
		D26FB2871B61A26D005A580D /* Debug */ = {
			isa = XCBuildConfiguration;
			buildSettings = {
				ALWAYS_SEARCH_USER_PATHS = NO;
				CLANG_CXX_LANGUAGE_STANDARD = "gnu++0x";
				CLANG_CXX_LIBRARY = "libc++";
				CLANG_ENABLE_MODULES = YES;
				CLANG_ENABLE_OBJC_ARC = YES;
				CLANG_WARN_BOOL_CONVERSION = YES;
				CLANG_WARN_CONSTANT_CONVERSION = YES;
				CLANG_WARN_DIRECT_OBJC_ISA_USAGE = YES_ERROR;
				CLANG_WARN_EMPTY_BODY = YES;
				CLANG_WARN_ENUM_CONVERSION = YES;
				CLANG_WARN_INT_CONVERSION = YES;
				CLANG_WARN_OBJC_ROOT_CLASS = YES_ERROR;
				CLANG_WARN_UNREACHABLE_CODE = YES;
				CLANG_WARN__DUPLICATE_METHOD_MATCH = YES;
				"CODE_SIGN_IDENTITY[sdk=iphoneos*]" = "iPhone Developer";
				COPY_PHASE_STRIP = NO;
				DEBUG_INFORMATION_FORMAT = "dwarf-with-dsym";
				ENABLE_STRICT_OBJC_MSGSEND = YES;
				GCC_C_LANGUAGE_STANDARD = gnu99;
				GCC_DYNAMIC_NO_PIC = NO;
				GCC_NO_COMMON_BLOCKS = YES;
				GCC_OPTIMIZATION_LEVEL = 0;
				GCC_PREPROCESSOR_DEFINITIONS = (
					"DEBUG=1",
					"$(inherited)",
				);
				GCC_SYMBOLS_PRIVATE_EXTERN = NO;
				GCC_WARN_64_TO_32_BIT_CONVERSION = YES;
				GCC_WARN_ABOUT_RETURN_TYPE = YES_ERROR;
				GCC_WARN_UNDECLARED_SELECTOR = YES;
				GCC_WARN_UNINITIALIZED_AUTOS = YES_AGGRESSIVE;
				GCC_WARN_UNUSED_FUNCTION = YES;
				GCC_WARN_UNUSED_VARIABLE = YES;
				IPHONEOS_DEPLOYMENT_TARGET = 8.4;
				MTL_ENABLE_DEBUG_INFO = YES;
				ONLY_ACTIVE_ARCH = YES;
				SDKROOT = iphoneos;
			};
			name = Debug;
		};
		D26FB2881B61A26D005A580D /* Release */ = {
			isa = XCBuildConfiguration;
			buildSettings = {
				ALWAYS_SEARCH_USER_PATHS = NO;
				CLANG_CXX_LANGUAGE_STANDARD = "gnu++0x";
				CLANG_CXX_LIBRARY = "libc++";
				CLANG_ENABLE_MODULES = YES;
				CLANG_ENABLE_OBJC_ARC = YES;
				CLANG_WARN_BOOL_CONVERSION = YES;
				CLANG_WARN_CONSTANT_CONVERSION = YES;
				CLANG_WARN_DIRECT_OBJC_ISA_USAGE = YES_ERROR;
				CLANG_WARN_EMPTY_BODY = YES;
				CLANG_WARN_ENUM_CONVERSION = YES;
				CLANG_WARN_INT_CONVERSION = YES;
				CLANG_WARN_OBJC_ROOT_CLASS = YES_ERROR;
				CLANG_WARN_UNREACHABLE_CODE = YES;
				CLANG_WARN__DUPLICATE_METHOD_MATCH = YES;
				"CODE_SIGN_IDENTITY[sdk=iphoneos*]" = "iPhone Developer";
				COPY_PHASE_STRIP = NO;
				DEBUG_INFORMATION_FORMAT = "dwarf-with-dsym";
				ENABLE_NS_ASSERTIONS = NO;
				ENABLE_STRICT_OBJC_MSGSEND = YES;
				GCC_C_LANGUAGE_STANDARD = gnu99;
				GCC_NO_COMMON_BLOCKS = YES;
				GCC_WARN_64_TO_32_BIT_CONVERSION = YES;
				GCC_WARN_ABOUT_RETURN_TYPE = YES_ERROR;
				GCC_WARN_UNDECLARED_SELECTOR = YES;
				GCC_WARN_UNINITIALIZED_AUTOS = YES_AGGRESSIVE;
				GCC_WARN_UNUSED_FUNCTION = YES;
				GCC_WARN_UNUSED_VARIABLE = YES;
				IPHONEOS_DEPLOYMENT_TARGET = 8.4;
				MTL_ENABLE_DEBUG_INFO = NO;
				SDKROOT = iphoneos;
				VALIDATE_PRODUCT = YES;
			};
			name = Release;
		};
		D26FB28A1B61A26D005A580D /* Debug */ = {
			isa = XCBuildConfiguration;
			buildSettings = {
				ASSETCATALOG_COMPILER_APPICON_NAME = AppIcon;
				INFOPLIST_FILE = FizzBuzz/Info.plist;
				LD_RUNPATH_SEARCH_PATHS = "$(inherited) @executable_path/Frameworks";
				PRODUCT_NAME = "$(TARGET_NAME)";
			};
			name = Debug;
		};
		D26FB28B1B61A26D005A580D /* Release */ = {
			isa = XCBuildConfiguration;
			buildSettings = {
				ASSETCATALOG_COMPILER_APPICON_NAME = AppIcon;
				INFOPLIST_FILE = FizzBuzz/Info.plist;
				LD_RUNPATH_SEARCH_PATHS = "$(inherited) @executable_path/Frameworks";
				PRODUCT_NAME = "$(TARGET_NAME)";
			};
			name = Release;
		};
		D26FB28D1B61A26D005A580D /* Debug */ = {
			isa = XCBuildConfiguration;
			buildSettings = {
				BUNDLE_LOADER = "$(TEST_HOST)";
				FRAMEWORK_SEARCH_PATHS = (
					"$(SDKROOT)/Developer/Library/Frameworks",
					"$(inherited)",
				);
				GCC_PREPROCESSOR_DEFINITIONS = (
					"DEBUG=1",
					"$(inherited)",
				);
				INFOPLIST_FILE = FizzBuzzTests/Info.plist;
				LD_RUNPATH_SEARCH_PATHS = "$(inherited) @executable_path/Frameworks @loader_path/Frameworks";
				PRODUCT_NAME = "$(TARGET_NAME)";
				TEST_HOST = "$(BUILT_PRODUCTS_DIR)/FizzBuzz.app/FizzBuzz";
			};
			name = Debug;
		};
		D26FB28E1B61A26D005A580D /* Release */ = {
			isa = XCBuildConfiguration;
			buildSettings = {
				BUNDLE_LOADER = "$(TEST_HOST)";
				FRAMEWORK_SEARCH_PATHS = (
					"$(SDKROOT)/Developer/Library/Frameworks",
					"$(inherited)",
				);
				INFOPLIST_FILE = FizzBuzzTests/Info.plist;
				LD_RUNPATH_SEARCH_PATHS = "$(inherited) @executable_path/Frameworks @loader_path/Frameworks";
				PRODUCT_NAME = "$(TARGET_NAME)";
				TEST_HOST = "$(BUILT_PRODUCTS_DIR)/FizzBuzz.app/FizzBuzz";
			};
			name = Release;
		};
/* End XCBuildConfiguration section */

/* Begin XCConfigurationList section */
		D26FB2611B61A26D005A580D /* Build configuration list for PBXProject "FizzBuzz" */ = {
			isa = XCConfigurationList;
			buildConfigurations = (
				D26FB2871B61A26D005A580D /* Debug */,
				D26FB2881B61A26D005A580D /* Release */,
			);
			defaultConfigurationIsVisible = 0;
			defaultConfigurationName = Release;
		};
		D26FB2891B61A26D005A580D /* Build configuration list for PBXNativeTarget "FizzBuzz" */ = {
			isa = XCConfigurationList;
			buildConfigurations = (
				D26FB28A1B61A26D005A580D /* Debug */,
				D26FB28B1B61A26D005A580D /* Release */,
			);
			defaultConfigurationIsVisible = 0;
			defaultConfigurationName = Release;
		};
		D26FB28C1B61A26D005A580D /* Build configuration list for PBXNativeTarget "FizzBuzzTests" */ = {
			isa = XCConfigurationList;
			buildConfigurations = (
				D26FB28D1B61A26D005A580D /* Debug */,
				D26FB28E1B61A26D005A580D /* Release */,
			);
			defaultConfigurationIsVisible = 0;
			defaultConfigurationName = Release;
		};
/* End XCConfigurationList section */
	};
	rootObject = D26FB25E1B61A26D005A580D /* Project object */;
}
